Microsoft Visual Studio Solution File, Format Version 12.00
# Visual Studio Version 17
VisualStudioVersion = 17.13.35806.99
MinimumVisualStudioVersion = 10.0.40219.1
Project("{FAE04EC0-301F-11D3-BF4B-00C04F79EFBC}") = "exercicio9", "exercicio9\exercicio9.csproj", "{66117792-D639-4997-9378-D899796C4DCE}"
EndProject
Global
	GlobalSection(SolutionConfigurationPlatforms) = preSolution
		Debug|Any CPU = Debug|Any CPU
		Release|Any CPU = Release|Any CPU
	EndGlobalSection
	GlobalSection(ProjectConfigurationPlatforms) = postSolution
		{66117792-D639-4997-9378-D899796C4DCE}.Debug|Any CPU.ActiveCfg = Debug|Any CPU
		{66117792-D639-4997-9378-D899796C4DCE}.Debug|Any CPU.Build.0 = Debug|Any CPU
		{66117792-D639-4997-9378-D899796C4DCE}.Release|Any CPU.ActiveCfg = Release|Any CPU
		{66117792-D639-4997-9378-D899796C4DCE}.Release|Any CPU.Build.0 = Release|Any CPU
	EndGlobalSection
	GlobalSection(SolutionProperties) = preSolution
		HideSolutionNode = FALSE
	EndGlobalSection
	GlobalSection(ExtensibilityGlobals) = postSolution
		SolutionGuid = {175B3AB8-8939-4C9A-97E7-E17C54529E50}
	EndGlobalSection
EndGlobal
